// !$*UTF8*$!
{
	archiveVersion = 1;
	classes = {
	};
	objectVersion = 46;
	objects = {

/* Begin PBXBuildFile section */
		F30F76281A3C990B000A3950 /* CoreImage.framework in Frameworks */ = {isa = PBXBuildFile; fileRef = F30F76271A3C990B000A3950 /* CoreImage.framework */; };
		F3A1C4041A363D9600D75367 /* main.m in Sources */ = {isa = PBXBuildFile; fileRef = F3A1C4031A363D9600D75367 /* main.m */; };
		F3A1C4071A363D9600D75367 /* AppDelegate.m in Sources */ = {isa = PBXBuildFile; fileRef = F3A1C4061A363D9600D75367 /* AppDelegate.m */; };
		F3A1C40A1A363D9600D75367 /* ViewController.m in Sources */ = {isa = PBXBuildFile; fileRef = F3A1C4091A363D9600D75367 /* ViewController.m */; };
		F3A1C40D1A363D9600D75367 /* Main.storyboard in Resources */ = {isa = PBXBuildFile; fileRef = F3A1C40B1A363D9600D75367 /* Main.storyboard */; };
		F3A1C40F1A363D9600D75367 /* Images.xcassets in Resources */ = {isa = PBXBuildFile; fileRef = F3A1C40E1A363D9600D75367 /* Images.xcassets */; };
		F3A1C4121A363D9600D75367 /* LaunchScreen.xib in Resources */ = {isa = PBXBuildFile; fileRef = F3A1C4101A363D9600D75367 /* LaunchScreen.xib */; };
		F3A1C41E1A363D9600D75367 /* TestTests.m in Sources */ = {isa = PBXBuildFile; fileRef = F3A1C41D1A363D9600D75367 /* TestTests.m */; };
		F3A1C4281A363E2500D75367 /* AVFoundation.framework in Frameworks */ = {isa = PBXBuildFile; fileRef = F3A1C4271A363E2500D75367 /* AVFoundation.framework */; };
/* End PBXBuildFile section */

/* Begin PBXContainerItemProxy section */
		F3A1C4181A363D9600D75367 /* PBXContainerItemProxy */ = {
			isa = PBXContainerItemProxy;
			containerPortal = F3A1C3F61A363D9600D75367 /* Project object */;
			proxyType = 1;
			remoteGlobalIDString = F3A1C3FD1A363D9600D75367;
			remoteInfo = Test;
		};
/* End PBXContainerItemProxy section */

/* Begin PBXFileReference section */
		F30F76271A3C990B000A3950 /* CoreImage.framework */ = {isa = PBXFileReference; lastKnownFileType = wrapper.framework; name = CoreImage.framework; path = System/Library/Frameworks/CoreImage.framework; sourceTree = SDKROOT; };
		F3A1C3FE1A363D9600D75367 /* Test.app */ = {isa = PBXFileReference; explicitFileType = wrapper.application; includeInIndex = 0; path = Test.app; sourceTree = BUILT_PRODUCTS_DIR; };
		F3A1C4021A363D9600D75367 /* Info.plist */ = {isa = PBXFileReference; lastKnownFileType = text.plist.xml; path = Info.plist; sourceTree = "<group>"; };
		F3A1C4031A363D9600D75367 /* main.m */ = {isa = PBXFileReference; lastKnownFileType = sourcecode.c.objc; path = main.m; sourceTree = "<group>"; };
		F3A1C4051A363D9600D75367 /* AppDelegate.h */ = {isa = PBXFileReference; lastKnownFileType = sourcecode.c.h; path = AppDelegate.h; sourceTree = "<group>"; };
		F3A1C4061A363D9600D75367 /* AppDelegate.m */ = {isa = PBXFileReference; lastKnownFileType = sourcecode.c.objc; path = AppDelegate.m; sourceTree = "<group>"; };
		F3A1C4081A363D9600D75367 /* ViewController.h */ = {isa = PBXFileReference; lastKnownFileType = sourcecode.c.h; path = ViewController.h; sourceTree = "<group>"; };
		F3A1C4091A363D9600D75367 /* ViewController.m */ = {isa = PBXFileReference; lastKnownFileType = sourcecode.c.objc; path = ViewController.m; sourceTree = "<group>"; };
		F3A1C40C1A363D9600D75367 /* Base */ = {isa = PBXFileReference; lastKnownFileType = file.storyboard; name = Base; path = Base.lproj/Main.storyboard; sourceTree = "<group>"; };
		F3A1C40E1A363D9600D75367 /* Images.xcassets */ = {isa = PBXFileReference; lastKnownFileType = folder.assetcatalog; path = Images.xcassets; sourceTree = "<group>"; };
		F3A1C4111A363D9600D75367 /* Base */ = {isa = PBXFileReference; lastKnownFileType = file.xib; name = Base; path = Base.lproj/LaunchScreen.xib; sourceTree = "<group>"; };
		F3A1C4171A363D9600D75367 /* TestTests.xctest */ = {isa = PBXFileReference; explicitFileType = wrapper.cfbundle; includeInIndex = 0; path = TestTests.xctest; sourceTree = BUILT_PRODUCTS_DIR; };
		F3A1C41C1A363D9600D75367 /* Info.plist */ = {isa = PBXFileReference; lastKnownFileType = text.plist.xml; path = Info.plist; sourceTree = "<group>"; };
		F3A1C41D1A363D9600D75367 /* TestTests.m */ = {isa = PBXFileReference; lastKnownFileType = sourcecode.c.objc; path = TestTests.m; sourceTree = "<group>"; };
		F3A1C4271A363E2500D75367 /* AVFoundation.framework */ = {isa = PBXFileReference; lastKnownFileType = wrapper.framework; name = AVFoundation.framework; path = System/Library/Frameworks/AVFoundation.framework; sourceTree = SDKROOT; };
/* End PBXFileReference section */

/* Begin PBXFrameworksBuildPhase section */
		F3A1C3FB1A363D9600D75367 /* Frameworks */ = {
			isa = PBXFrameworksBuildPhase;
			buildActionMask = 2147483647;
			files = (
				F30F76281A3C990B000A3950 /* CoreImage.framework in Frameworks */,
				F3A1C4281A363E2500D75367 /* AVFoundation.framework in Frameworks */,
			);
			runOnlyForDeploymentPostprocessing = 0;
		};
		F3A1C4141A363D9600D75367 /* Frameworks */ = {
			isa = PBXFrameworksBuildPhase;
			buildActionMask = 2147483647;
			files = (
			);
			runOnlyForDeploymentPostprocessing = 0;
		};
/* End PBXFrameworksBuildPhase section */

/* Begin PBXGroup section */
		F3A1C3F51A363D9600D75367 = {
			isa = PBXGroup;
			children = (
				F30F76271A3C990B000A3950 /* CoreImage.framework */,
				F3A1C4271A363E2500D75367 /* AVFoundation.framework */,
				F3A1C4001A363D9600D75367 /* Test */,
				F3A1C41A1A363D9600D75367 /* TestTests */,
				F3A1C3FF1A363D9600D75367 /* Products */,
			);
			sourceTree = "<group>";
		};
		F3A1C3FF1A363D9600D75367 /* Products */ = {
			isa = PBXGroup;
			children = (
				F3A1C3FE1A363D9600D75367 /* Test.app */,
				F3A1C4171A363D9600D75367 /* TestTests.xctest */,
			);
			name = Products;
			sourceTree = "<group>";
		};
		F3A1C4001A363D9600D75367 /* Test */ = {
			isa = PBXGroup;
			children = (
				F3A1C4051A363D9600D75367 /* AppDelegate.h */,
				F3A1C4061A363D9600D75367 /* AppDelegate.m */,
				F3A1C4081A363D9600D75367 /* ViewController.h */,
				F3A1C4091A363D9600D75367 /* ViewController.m */,
				F3A1C40B1A363D9600D75367 /* Main.storyboard */,
				F3A1C40E1A363D9600D75367 /* Images.xcassets */,
				F3A1C4101A363D9600D75367 /* LaunchScreen.xib */,
				F3A1C4011A363D9600D75367 /* Supporting Files */,
			);
			path = Test;
			sourceTree = "<group>";
		};
		F3A1C4011A363D9600D75367 /* Supporting Files */ = {
			isa = PBXGroup;
			children = (
				F3A1C4021A363D9600D75367 /* Info.plist */,
				F3A1C4031A363D9600D75367 /* main.m */,
			);
			name = "Supporting Files";
			sourceTree = "<group>";
		};
		F3A1C41A1A363D9600D75367 /* TestTests */ = {
			isa = PBXGroup;
			children = (
				F3A1C41D1A363D9600D75367 /* TestTests.m */,
				F3A1C41B1A363D9600D75367 /* Supporting Files */,
			);
			path = TestTests;
			sourceTree = "<group>";
		};
		F3A1C41B1A363D9600D75367 /* Supporting Files */ = {
			isa = PBXGroup;
			children = (
				F3A1C41C1A363D9600D75367 /* Info.plist */,
			);
			name = "Supporting Files";
			sourceTree = "<group>";
		};
/* End PBXGroup section */

/* Begin PBXNativeTarget section */
		F3A1C3FD1A363D9600D75367 /* Test */ = {
			isa = PBXNativeTarget;
			buildConfigurationList = F3A1C4211A363D9600D75367 /* Build configuration list for PBXNativeTarget "Test" */;
			buildPhases = (
				F3A1C3FA1A363D9600D75367 /* Sources */,
				F3A1C3FB1A363D9600D75367 /* Frameworks */,
				F3A1C3FC1A363D9600D75367 /* Resources */,
			);
			buildRules = (
			);
			dependencies = (
			);
			name = Test;
			productName = Test;
			productReference = F3A1C3FE1A363D9600D75367 /* Test.app */;
			productType = "com.apple.product-type.application";
		};
		F3A1C4161A363D9600D75367 /* TestTests */ = {
			isa = PBXNativeTarget;
			buildConfigurationList = F3A1C4241A363D9600D75367 /* Build configuration list for PBXNativeTarget "TestTests" */;
			buildPhases = (
				F3A1C4131A363D9600D75367 /* Sources */,
				F3A1C4141A363D9600D75367 /* Frameworks */,
				F3A1C4151A363D9600D75367 /* Resources */,
			);
			buildRules = (
			);
			dependencies = (
				F3A1C4191A363D9600D75367 /* PBXTargetDependency */,
			);
			name = TestTests;
			productName = TestTests;
			productReference = F3A1C4171A363D9600D75367 /* TestTests.xctest */;
			productType = "com.apple.product-type.bundle.unit-test";
		};
/* End PBXNativeTarget section */

/* Begin PBXProject section */
		F3A1C3F61A363D9600D75367 /* Project object */ = {
			isa = PBXProject;
			attributes = {
				LastUpgradeCheck = 0610;
				ORGANIZATIONNAME = "Maria Elena Villamil";
				TargetAttributes = {
					F3A1C3FD1A363D9600D75367 = {
						CreatedOnToolsVersion = 6.1.1;
						DevelopmentTeam = 2P62NT5ZCM;
					};
					F3A1C4161A363D9600D75367 = {
						CreatedOnToolsVersion = 6.1.1;
						TestTargetID = F3A1C3FD1A363D9600D75367;
					};
				};
			};
			buildConfigurationList = F3A1C3F91A363D9600D75367 /* Build configuration list for PBXProject "Test" */;
			compatibilityVersion = "Xcode 3.2";
			developmentRegion = English;
			hasScannedForEncodings = 0;
			knownRegions = (
				en,
				Base,
			);
			mainGroup = F3A1C3F51A363D9600D75367;
			productRefGroup = F3A1C3FF1A363D9600D75367 /* Products */;
			projectDirPath = "";
			projectRoot = "";
			targets = (
				F3A1C3FD1A363D9600D75367 /* Test */,
				F3A1C4161A363D9600D75367 /* TestTests */,
			);
		};
/* End PBXProject section */

/* Begin PBXResourcesBuildPhase section */
		F3A1C3FC1A363D9600D75367 /* Resources */ = {
			isa = PBXResourcesBuildPhase;
			buildActionMask = 2147483647;
			files = (
				F3A1C40D1A363D9600D75367 /* Main.storyboard in Resources */,
				F3A1C4121A363D9600D75367 /* LaunchScreen.xib in Resources */,
				F3A1C40F1A363D9600D75367 /* Images.xcassets in Resources */,
			);
			runOnlyForDeploymentPostprocessing = 0;
		};
		F3A1C4151A363D9600D75367 /* Resources */ = {
			isa = PBXResourcesBuildPhase;
			buildActionMask = 2147483647;
			files = (
			);
			runOnlyForDeploymentPostprocessing = 0;
		};
/* End PBXResourcesBuildPhase section */

/* Begin PBXSourcesBuildPhase section */
		F3A1C3FA1A363D9600D75367 /* Sources */ = {
			isa = PBXSourcesBuildPhase;
			buildActionMask = 2147483647;
			files = (
				F3A1C40A1A363D9600D75367 /* ViewController.m in Sources */,
				F3A1C4071A363D9600D75367 /* AppDelegate.m in Sources */,
				F3A1C4041A363D9600D75367 /* main.m in Sources */,
			);
			runOnlyForDeploymentPostprocessing = 0;
		};
		F3A1C4131A363D9600D75367 /* Sources */ = {
			isa = PBXSourcesBuildPhase;
			buildActionMask = 2147483647;
			files = (
				F3A1C41E1A363D9600D75367 /* TestTests.m in Sources */,
			);
			runOnlyForDeploymentPostprocessing = 0;
		};
/* End PBXSourcesBuildPhase section */

/* Begin PBXTargetDependency section */
		F3A1C4191A363D9600D75367 /* PBXTargetDependency */ = {
			isa = PBXTargetDependency;
			target = F3A1C3FD1A363D9600D75367 /* Test */;
			targetProxy = F3A1C4181A363D9600D75367 /* PBXContainerItemProxy */;
		};
/* End PBXTargetDependency section */

/* Begin PBXVariantGroup section */
		F3A1C40B1A363D9600D75367 /* Main.storyboard */ = {
			isa = PBXVariantGroup;
			children = (
				F3A1C40C1A363D9600D75367 /* Base */,
			);
			name = Main.storyboard;
			sourceTree = "<group>";
		};
		F3A1C4101A363D9600D75367 /* LaunchScreen.xib */ = {
			isa = PBXVariantGroup;
			children = (
				F3A1C4111A363D9600D75367 /* Base */,
			);
			name = LaunchScreen.xib;
			sourceTree = "<group>";
		};
/* End PBXVariantGroup section */

/* Begin XCBuildConfiguration section */
		F3A1C41F1A363D9600D75367 /* Debug */ = {
			isa = XCBuildConfiguration;
			buildSettings = {
				ALWAYS_SEARCH_USER_PATHS = NO;
				CLANG_CXX_LANGUAGE_STANDARD = "gnu++0x";
				CLANG_CXX_LIBRARY = "libc++";
				CLANG_ENABLE_MODULES = YES;
				CLANG_ENABLE_OBJC_ARC = YES;
				CLANG_WARN_BOOL_CONVERSION = YES;
				CLANG_WARN_CONSTANT_CONVERSION = YES;
				CLANG_WARN_DIRECT_OBJC_ISA_USAGE = YES_ERROR;
				CLANG_WARN_EMPTY_BODY = YES;
				CLANG_WARN_ENUM_CONVERSION = YES;
				CLANG_WARN_INT_CONVERSION = YES;
				CLANG_WARN_OBJC_ROOT_CLASS = YES_ERROR;
				CLANG_WARN_UNREACHABLE_CODE = YES;
				CLANG_WARN__DUPLICATE_METHOD_MATCH = YES;
				"CODE_SIGN_IDENTITY[sdk=iphoneos*]" = "iPhone Developer";
				COPY_PHASE_STRIP = NO;
				ENABLE_STRICT_OBJC_MSGSEND = YES;
				GCC_C_LANGUAGE_STANDARD = gnu99;
				GCC_DYNAMIC_NO_PIC = NO;
				GCC_OPTIMIZATION_LEVEL = 0;
				GCC_PREPROCESSOR_DEFINITIONS = (
					"DEBUG=1",
					"$(inherited)",
				);
				GCC_SYMBOLS_PRIVATE_EXTERN = NO;
				GCC_WARN_64_TO_32_BIT_CONVERSION = YES;
				GCC_WARN_ABOUT_RETURN_TYPE = YES_ERROR;
				GCC_WARN_UNDECLARED_SELECTOR = YES;
				GCC_WARN_UNINITIALIZED_AUTOS = YES_AGGRESSIVE;
				GCC_WARN_UNUSED_FUNCTION = YES;
				GCC_WARN_UNUSED_VARIABLE = YES;
				IPHONEOS_DEPLOYMENT_TARGET = 8.1;
				MTL_ENABLE_DEBUG_INFO = YES;
				ONLY_ACTIVE_ARCH = YES;
				SDKROOT = iphoneos;
			};
			name = Debug;
		};
		F3A1C4201A363D9600D75367 /* Release */ = {
			isa = XCBuildConfiguration;
			buildSettings = {
				ALWAYS_SEARCH_USER_PATHS = NO;
				CLANG_CXX_LANGUAGE_STANDARD = "gnu++0x";
				CLANG_CXX_LIBRARY = "libc++";
				CLANG_ENABLE_MODULES = YES;
				CLANG_ENABLE_OBJC_ARC = YES;
				CLANG_WARN_BOOL_CONVERSION = YES;
				CLANG_WARN_CONSTANT_CONVERSION = YES;
				CLANG_WARN_DIRECT_OBJC_ISA_USAGE = YES_ERROR;
				CLANG_WARN_EMPTY_BODY = YES;
				CLANG_WARN_ENUM_CONVERSION = YES;
				CLANG_WARN_INT_CONVERSION = YES;
				CLANG_WARN_OBJC_ROOT_CLASS = YES_ERROR;
				CLANG_WARN_UNREACHABLE_CODE = YES;
				CLANG_WARN__DUPLICATE_METHOD_MATCH = YES;
				"CODE_SIGN_IDENTITY[sdk=iphoneos*]" = "iPhone Developer";
				COPY_PHASE_STRIP = YES;
				ENABLE_NS_ASSERTIONS = NO;
				ENABLE_STRICT_OBJC_MSGSEND = YES;
				GCC_C_LANGUAGE_STANDARD = gnu99;
				GCC_WARN_64_TO_32_BIT_CONVERSION = YES;
				GCC_WARN_ABOUT_RETURN_TYPE = YES_ERROR;
				GCC_WARN_UNDECLARED_SELECTOR = YES;
				GCC_WARN_UNINITIALIZED_AUTOS = YES_AGGRESSIVE;
				GCC_WARN_UNUSED_FUNCTION = YES;
				GCC_WARN_UNUSED_VARIABLE = YES;
				IPHONEOS_DEPLOYMENT_TARGET = 8.1;
				MTL_ENABLE_DEBUG_INFO = NO;
				SDKROOT = iphoneos;
				VALIDATE_PRODUCT = YES;
			};
			name = Release;
		};
		F3A1C4221A363D9600D75367 /* Debug */ = {
			isa = XCBuildConfiguration;
			buildSettings = {
				ASSETCATALOG_COMPILER_APPICON_NAME = AppIcon;
				CODE_SIGN_IDENTITY = "iPhone Developer";
				"CODE_SIGN_IDENTITY[sdk=iphoneos*]" = "iPhone Developer";
				INFOPLIST_FILE = Test/Info.plist;
				IPHONEOS_DEPLOYMENT_TARGET = 7.0;
				LD_RUNPATH_SEARCH_PATHS = "$(inherited) @executable_path/Frameworks";
				PRODUCT_NAME = "$(TARGET_NAME)";
				PROVISIONING_PROFILE = "";
			};
			name = Debug;
		};
		F3A1C4231A363D9600D75367 /* Release */ = {
			isa = XCBuildConfiguration;
			buildSettings = {
				ASSETCATALOG_COMPILER_APPICON_NAME = AppIcon;
				CODE_SIGN_IDENTITY = "iPhone Developer";
				"CODE_SIGN_IDENTITY[sdk=iphoneos*]" = "iPhone Developer";
				INFOPLIST_FILE = Test/Info.plist;
				IPHONEOS_DEPLOYMENT_TARGET = 7.0;
				LD_RUNPATH_SEARCH_PATHS = "$(inherited) @executable_path/Frameworks";
				PRODUCT_NAME = "$(TARGET_NAME)";
				PROVISIONING_PROFILE = "";
			};
			name = Release;
		};
		F3A1C4251A363D9600D75367 /* Debug */ = {
			isa = XCBuildConfiguration;
			buildSettings = {
				BUNDLE_LOADER = "$(TEST_HOST)";
				FRAMEWORK_SEARCH_PATHS = (
					"$(SDKROOT)/Developer/Library/Frameworks",
					"$(inherited)",
				);
				GCC_PREPROCESSOR_DEFINITIONS = (
					"DEBUG=1",
					"$(inherited)",
				);
				INFOPLIST_FILE = TestTests/Info.plist;
				LD_RUNPATH_SEARCH_PATHS = "$(inherited) @executable_path/Frameworks @loader_path/Frameworks";
				PRODUCT_NAME = "$(TARGET_NAME)";
				TEST_HOST = "$(BUILT_PRODUCTS_DIR)/Test.app/Test";
			};
			name = Debug;
		};
		F3A1C4261A363D9600D75367 /* Release */ = {
			isa = XCBuildConfiguration;
			buildSettings = {
				BUNDLE_LOADER = "$(TEST_HOST)";
				FRAMEWORK_SEARCH_PATHS = (
					"$(SDKROOT)/Developer/Library/Frameworks",
					"$(inherited)",
				);
				INFOPLIST_FILE = TestTests/Info.plist;
				LD_RUNPATH_SEARCH_PATHS = "$(inherited) @executable_path/Frameworks @loader_path/Frameworks";
				PRODUCT_NAME = "$(TARGET_NAME)";
				TEST_HOST = "$(BUILT_PRODUCTS_DIR)/Test.app/Test";
			};
			name = Release;
		};
/* End XCBuildConfiguration section */

/* Begin XCConfigurationList section */
		F3A1C3F91A363D9600D75367 /* Build configuration list for PBXProject "Test" */ = {
			isa = XCConfigurationList;
			buildConfigurations = (
				F3A1C41F1A363D9600D75367 /* Debug */,
				F3A1C4201A363D9600D75367 /* Release */,
			);
			defaultConfigurationIsVisible = 0;
			defaultConfigurationName = Release;
		};
		F3A1C4211A363D9600D75367 /* Build configuration list for PBXNativeTarget "Test" */ = {
			isa = XCConfigurationList;
			buildConfigurations = (
				F3A1C4221A363D9600D75367 /* Debug */,
				F3A1C4231A363D9600D75367 /* Release */,
			);
			defaultConfigurationIsVisible = 0;
			defaultConfigurationName = Release;
		};
		F3A1C4241A363D9600D75367 /* Build configuration list for PBXNativeTarget "TestTests" */ = {
			isa = XCConfigurationList;
			buildConfigurations = (
				F3A1C4251A363D9600D75367 /* Debug */,
				F3A1C4261A363D9600D75367 /* Release */,
			);
			defaultConfigurationIsVisible = 0;
			defaultConfigurationName = Release;
		};
/* End XCConfigurationList section */
	};
	rootObject = F3A1C3F61A363D9600D75367 /* Project object */;
}
